
Microsoft Visual Studio Solution File, Format Version 12.00
# Visual Studio 14
VisualStudioVersion = 14.0.25123.0
MinimumVisualStudioVersion = 10.0.40219.1
Project("{2150E333-8FDC-42A3-9474-1A3956D46DE8}") = "Tests", "Tests", "{3E1BBF03-DE66-4189-A9D9-B10AD2569985}"
EndProject
Project("{2150E333-8FDC-42A3-9474-1A3956D46DE8}") = "Presentation", "Presentation", "{3358565D-13E9-4329-AA7E-E0F187EB0FC5}"
EndProject
Project("{2150E333-8FDC-42A3-9474-1A3956D46DE8}") = "Plugins", "Plugins", "{1F86F1A1-546F-451C-8A00-0DF438BC9906}"
EndProject
Project("{2150E333-8FDC-42A3-9474-1A3956D46DE8}") = "Libraries", "Libraries", "{F876F78C-9B0E-4B40-A490-8A0D35791A21}"
EndProject
Project("{FAE04EC0-301F-11D3-BF4B-00C04F79EFBC}") = "Copper.Web", "Presentation\Copper.Web\Copper.Web.csproj", "{E37C883A-8735-4745-B66D-5C10973F1294}"
EndProject
Project("{FAE04EC0-301F-11D3-BF4B-00C04F79EFBC}") = "Copper.Web.Framework", "Presentation\Copper.Web.Framework\Copper.Web.Framework.csproj", "{8306A004-C1A6-42C7-83EB-9E2B85CECFDC}"
EndProject
Project("{FAE04EC0-301F-11D3-BF4B-00C04F79EFBC}") = "Copper.Core", "Libraries\Copper.Core\Copper.Core.csproj", "{CB3C5280-4120-4BDE-9D12-5A25FD99683D}"
EndProject
Project("{FAE04EC0-301F-11D3-BF4B-00C04F79EFBC}") = "Copper.Data", "Libraries\Copper.Data\Copper.Data.csproj", "{C66B555B-EE4E-4B95-9E58-36F611707606}"
EndProject
Project("{FAE04EC0-301F-11D3-BF4B-00C04F79EFBC}") = "Copper.Services", "Libraries\Copper.Services\Copper.Services.csproj", "{B4C934C8-4D1A-492D-95E9-BC3516254765}"
EndProject
Project("{FAE04EC0-301F-11D3-BF4B-00C04F79EFBC}") = "Copper.Core.Tests", "Tests\Copper.Core.Tests\Copper.Core.Tests.csproj", "{541E54B3-F406-4686-8A90-42B40C0173F4}"
EndProject
Project("{FAE04EC0-301F-11D3-BF4B-00C04F79EFBC}") = "Copper.Data.Tests", "Tests\Copper.Data.Tests\Copper.Data.Tests.csproj", "{DBACA30E-DDF8-4296-B417-1A392BF07400}"
EndProject
Project("{FAE04EC0-301F-11D3-BF4B-00C04F79EFBC}") = "Copper.Services.Tests", "Tests\Copper.Services.Tests\Copper.Services.Tests.csproj", "{487F4FE5-6A31-4B68-BA0F-D69E03E9D6F2}"
EndProject
Project("{FAE04EC0-301F-11D3-BF4B-00C04F79EFBC}") = "Copper.Web.Mvc.Tests", "Tests\Copper.Web.Mvc.Tests\Copper.Web.Mvc.Tests.csproj", "{F3E5E728-0CBE-40D1-B359-19C5EADC1D12}"
EndProject
Global
	GlobalSection(SolutionConfigurationPlatforms) = preSolution
		Debug|Any CPU = Debug|Any CPU
		Release|Any CPU = Release|Any CPU
	EndGlobalSection
	GlobalSection(ProjectConfigurationPlatforms) = postSolution
		{E37C883A-8735-4745-B66D-5C10973F1294}.Debug|Any CPU.ActiveCfg = Debug|Any CPU
		{E37C883A-8735-4745-B66D-5C10973F1294}.Debug|Any CPU.Build.0 = Debug|Any CPU
		{E37C883A-8735-4745-B66D-5C10973F1294}.Release|Any CPU.ActiveCfg = Release|Any CPU
		{E37C883A-8735-4745-B66D-5C10973F1294}.Release|Any CPU.Build.0 = Release|Any CPU
		{8306A004-C1A6-42C7-83EB-9E2B85CECFDC}.Debug|Any CPU.ActiveCfg = Debug|Any CPU
		{8306A004-C1A6-42C7-83EB-9E2B85CECFDC}.Debug|Any CPU.Build.0 = Debug|Any CPU
		{8306A004-C1A6-42C7-83EB-9E2B85CECFDC}.Release|Any CPU.ActiveCfg = Release|Any CPU
		{8306A004-C1A6-42C7-83EB-9E2B85CECFDC}.Release|Any CPU.Build.0 = Release|Any CPU
		{CB3C5280-4120-4BDE-9D12-5A25FD99683D}.Debug|Any CPU.ActiveCfg = Debug|Any CPU
		{CB3C5280-4120-4BDE-9D12-5A25FD99683D}.Debug|Any CPU.Build.0 = Debug|Any CPU
		{CB3C5280-4120-4BDE-9D12-5A25FD99683D}.Release|Any CPU.ActiveCfg = Release|Any CPU
		{CB3C5280-4120-4BDE-9D12-5A25FD99683D}.Release|Any CPU.Build.0 = Release|Any CPU
		{C66B555B-EE4E-4B95-9E58-36F611707606}.Debug|Any CPU.ActiveCfg = Debug|Any CPU
		{C66B555B-EE4E-4B95-9E58-36F611707606}.Debug|Any CPU.Build.0 = Debug|Any CPU
		{C66B555B-EE4E-4B95-9E58-36F611707606}.Release|Any CPU.ActiveCfg = Release|Any CPU
		{C66B555B-EE4E-4B95-9E58-36F611707606}.Release|Any CPU.Build.0 = Release|Any CPU
		{B4C934C8-4D1A-492D-95E9-BC3516254765}.Debug|Any CPU.ActiveCfg = Debug|Any CPU
		{B4C934C8-4D1A-492D-95E9-BC3516254765}.Debug|Any CPU.Build.0 = Debug|Any CPU
		{B4C934C8-4D1A-492D-95E9-BC3516254765}.Release|Any CPU.ActiveCfg = Release|Any CPU
		{B4C934C8-4D1A-492D-95E9-BC3516254765}.Release|Any CPU.Build.0 = Release|Any CPU
		{541E54B3-F406-4686-8A90-42B40C0173F4}.Debug|Any CPU.ActiveCfg = Debug|Any CPU
		{541E54B3-F406-4686-8A90-42B40C0173F4}.Debug|Any CPU.Build.0 = Debug|Any CPU
		{541E54B3-F406-4686-8A90-42B40C0173F4}.Release|Any CPU.ActiveCfg = Release|Any CPU
		{541E54B3-F406-4686-8A90-42B40C0173F4}.Release|Any CPU.Build.0 = Release|Any CPU
		{DBACA30E-DDF8-4296-B417-1A392BF07400}.Debug|Any CPU.ActiveCfg = Debug|Any CPU
		{DBACA30E-DDF8-4296-B417-1A392BF07400}.Debug|Any CPU.Build.0 = Debug|Any CPU
		{DBACA30E-DDF8-4296-B417-1A392BF07400}.Release|Any CPU.ActiveCfg = Release|Any CPU
		{DBACA30E-DDF8-4296-B417-1A392BF07400}.Release|Any CPU.Build.0 = Release|Any CPU
		{487F4FE5-6A31-4B68-BA0F-D69E03E9D6F2}.Debug|Any CPU.ActiveCfg = Debug|Any CPU
		{487F4FE5-6A31-4B68-BA0F-D69E03E9D6F2}.Debug|Any CPU.Build.0 = Debug|Any CPU
		{487F4FE5-6A31-4B68-BA0F-D69E03E9D6F2}.Release|Any CPU.ActiveCfg = Release|Any CPU
		{487F4FE5-6A31-4B68-BA0F-D69E03E9D6F2}.Release|Any CPU.Build.0 = Release|Any CPU
		{F3E5E728-0CBE-40D1-B359-19C5EADC1D12}.Debug|Any CPU.ActiveCfg = Debug|Any CPU
		{F3E5E728-0CBE-40D1-B359-19C5EADC1D12}.Debug|Any CPU.Build.0 = Debug|Any CPU
		{F3E5E728-0CBE-40D1-B359-19C5EADC1D12}.Release|Any CPU.ActiveCfg = Release|Any CPU
		{F3E5E728-0CBE-40D1-B359-19C5EADC1D12}.Release|Any CPU.Build.0 = Release|Any CPU
	EndGlobalSection
	GlobalSection(SolutionProperties) = preSolution
		HideSolutionNode = FALSE
	EndGlobalSection
	GlobalSection(NestedProjects) = preSolution
		{E37C883A-8735-4745-B66D-5C10973F1294} = {3358565D-13E9-4329-AA7E-E0F187EB0FC5}
		{8306A004-C1A6-42C7-83EB-9E2B85CECFDC} = {3358565D-13E9-4329-AA7E-E0F187EB0FC5}
		{CB3C5280-4120-4BDE-9D12-5A25FD99683D} = {F876F78C-9B0E-4B40-A490-8A0D35791A21}
		{C66B555B-EE4E-4B95-9E58-36F611707606} = {F876F78C-9B0E-4B40-A490-8A0D35791A21}
		{B4C934C8-4D1A-492D-95E9-BC3516254765} = {F876F78C-9B0E-4B40-A490-8A0D35791A21}
		{541E54B3-F406-4686-8A90-42B40C0173F4} = {3E1BBF03-DE66-4189-A9D9-B10AD2569985}
		{DBACA30E-DDF8-4296-B417-1A392BF07400} = {3E1BBF03-DE66-4189-A9D9-B10AD2569985}
		{487F4FE5-6A31-4B68-BA0F-D69E03E9D6F2} = {3E1BBF03-DE66-4189-A9D9-B10AD2569985}
		{F3E5E728-0CBE-40D1-B359-19C5EADC1D12} = {3E1BBF03-DE66-4189-A9D9-B10AD2569985}
	EndGlobalSection
EndGlobal
